// !$*UTF8*$!
{
	archiveVersion = 1;
	classes = {
	};
	objectVersion = 50;
	objects = {

/* Begin PBXBuildFile section */
		1A33A04520AF66D800816A02 /* geometryHelper.c in Sources */ = {isa = PBXBuildFile; fileRef = 1A33A04420AF66D800816A02 /* geometryHelper.c */; };
		1A866DED208669730066E763 /* main.c in Sources */ = {isa = PBXBuildFile; fileRef = 1A866DEC208669730066E763 /* main.c */; };
		1A866DF420869CB00066E763 /* distance.c in Sources */ = {isa = PBXBuildFile; fileRef = 1A866DF320869CAF0066E763 /* distance.c */; };
		1A866DF8208C1FA00066E763 /* vectors.c in Sources */ = {isa = PBXBuildFile; fileRef = 1A866DF7208C1FA00066E763 /* vectors.c */; };
		1A866DFC2091006B0066E763 /* pkmathutil.c in Sources */ = {isa = PBXBuildFile; fileRef = 1A866DFB2091006B0066E763 /* pkmathutil.c */; };
		1A8AF60620D04BC200B0DF26 /* fileIO.c in Sources */ = {isa = PBXBuildFile; fileRef = 1A8AF60520D04BC200B0DF26 /* fileIO.c */; };
		1AD5A73E20A34CA10058EEB4 /* animation.c in Sources */ = {isa = PBXBuildFile; fileRef = 1AD5A73D20A34CA10058EEB4 /* animation.c */; };
		1AD5A74120A7911B0058EEB4 /* lights.c in Sources */ = {isa = PBXBuildFile; fileRef = 1AD5A74020A7911A0058EEB4 /* lights.c */; };
/* End PBXBuildFile section */

/* Begin PBXCopyFilesBuildPhase section */
		1A866DE7208669730066E763 /* CopyFiles */ = {
			isa = PBXCopyFilesBuildPhase;
			buildActionMask = 2147483647;
			dstPath = /usr/share/man/man1/;
			dstSubfolderSpec = 0;
			files = (
			);
			runOnlyForDeploymentPostprocessing = 1;
		};
/* End PBXCopyFilesBuildPhase section */

/* Begin PBXFileReference section */
		1A33A04320AF66D800816A02 /* geometryHelper.h */ = {isa = PBXFileReference; lastKnownFileType = sourcecode.c.h; path = geometryHelper.h; sourceTree = "<group>"; };
		1A33A04420AF66D800816A02 /* geometryHelper.c */ = {isa = PBXFileReference; lastKnownFileType = sourcecode.c.c; path = geometryHelper.c; sourceTree = "<group>"; };
		1A866DE9208669730066E763 /* PokeyRenderEngine */ = {isa = PBXFileReference; explicitFileType = "compiled.mach-o.executable"; includeInIndex = 0; path = PokeyRenderEngine; sourceTree = BUILT_PRODUCTS_DIR; };
		1A866DEC208669730066E763 /* main.c */ = {isa = PBXFileReference; lastKnownFileType = sourcecode.c.c; path = main.c; sourceTree = "<group>"; };
		1A866DF320869CAF0066E763 /* distance.c */ = {isa = PBXFileReference; fileEncoding = 4; lastKnownFileType = sourcecode.c.c; path = distance.c; sourceTree = "<group>"; };
		1A866DF52086A1100066E763 /* distance.h */ = {isa = PBXFileReference; lastKnownFileType = sourcecode.c.h; path = distance.h; sourceTree = "<group>"; };
		1A866DF6208C1FA00066E763 /* vectors.h */ = {isa = PBXFileReference; lastKnownFileType = sourcecode.c.h; path = vectors.h; sourceTree = "<group>"; };
		1A866DF7208C1FA00066E763 /* vectors.c */ = {isa = PBXFileReference; lastKnownFileType = sourcecode.c.c; path = vectors.c; sourceTree = "<group>"; };
		1A866DF92090F1F00066E763 /* pkBoolean.h */ = {isa = PBXFileReference; lastKnownFileType = sourcecode.c.h; path = pkBoolean.h; sourceTree = "<group>"; };
		1A866DFA2091006B0066E763 /* pkmathutil.h */ = {isa = PBXFileReference; lastKnownFileType = sourcecode.c.h; path = pkmathutil.h; sourceTree = "<group>"; };
		1A866DFB2091006B0066E763 /* pkmathutil.c */ = {isa = PBXFileReference; lastKnownFileType = sourcecode.c.c; path = pkmathutil.c; sourceTree = "<group>"; };
		1A8AF60420D04BC200B0DF26 /* fileIO.h */ = {isa = PBXFileReference; lastKnownFileType = sourcecode.c.h; path = fileIO.h; sourceTree = "<group>"; };
		1A8AF60520D04BC200B0DF26 /* fileIO.c */ = {isa = PBXFileReference; lastKnownFileType = sourcecode.c.c; path = fileIO.c; sourceTree = "<group>"; };
		1AD5A73C20A34CA00058EEB4 /* animation.h */ = {isa = PBXFileReference; lastKnownFileType = sourcecode.c.h; path = animation.h; sourceTree = "<group>"; };
		1AD5A73D20A34CA10058EEB4 /* animation.c */ = {isa = PBXFileReference; lastKnownFileType = sourcecode.c.c; path = animation.c; sourceTree = "<group>"; };
		1AD5A73F20A7911A0058EEB4 /* lights.h */ = {isa = PBXFileReference; lastKnownFileType = sourcecode.c.h; path = lights.h; sourceTree = "<group>"; };
		1AD5A74020A7911A0058EEB4 /* lights.c */ = {isa = PBXFileReference; lastKnownFileType = sourcecode.c.c; path = lights.c; sourceTree = "<group>"; };
/* End PBXFileReference section */

/* Begin PBXFrameworksBuildPhase section */
		1A866DE6208669730066E763 /* Frameworks */ = {
			isa = PBXFrameworksBuildPhase;
			buildActionMask = 2147483647;
			files = (
			);
			runOnlyForDeploymentPostprocessing = 0;
		};
/* End PBXFrameworksBuildPhase section */

/* Begin PBXGroup section */
		1A866DE0208669730066E763 = {
			isa = PBXGroup;
			children = (
				1A866DEB208669730066E763 /* PokeyRenderEngine */,
				1A866DEA208669730066E763 /* Products */,
			);
			sourceTree = "<group>";
		};
		1A866DEA208669730066E763 /* Products */ = {
			isa = PBXGroup;
			children = (
				1A866DE9208669730066E763 /* PokeyRenderEngine */,
			);
			name = Products;
			sourceTree = "<group>";
		};
		1A866DEB208669730066E763 /* PokeyRenderEngine */ = {
			isa = PBXGroup;
			children = (
				1A866DEC208669730066E763 /* main.c */,
				1A866DF320869CAF0066E763 /* distance.c */,
				1A866DF52086A1100066E763 /* distance.h */,
				1A866DF6208C1FA00066E763 /* vectors.h */,
				1A866DF7208C1FA00066E763 /* vectors.c */,
				1A866DF92090F1F00066E763 /* pkBoolean.h */,
				1A866DFA2091006B0066E763 /* pkmathutil.h */,
				1A866DFB2091006B0066E763 /* pkmathutil.c */,
				1AD5A73C20A34CA00058EEB4 /* animation.h */,
				1AD5A73D20A34CA10058EEB4 /* animation.c */,
				1AD5A73F20A7911A0058EEB4 /* lights.h */,
				1AD5A74020A7911A0058EEB4 /* lights.c */,
				1A33A04320AF66D800816A02 /* geometryHelper.h */,
				1A33A04420AF66D800816A02 /* geometryHelper.c */,
				1A8AF60420D04BC200B0DF26 /* fileIO.h */,
				1A8AF60520D04BC200B0DF26 /* fileIO.c */,
			);
			path = PokeyRenderEngine;
			sourceTree = "<group>";
		};
/* End PBXGroup section */

/* Begin PBXNativeTarget section */
		1A866DE8208669730066E763 /* PokeyRenderEngine */ = {
			isa = PBXNativeTarget;
			buildConfigurationList = 1A866DF0208669730066E763 /* Build configuration list for PBXNativeTarget "PokeyRenderEngine" */;
			buildPhases = (
				1A866DE5208669730066E763 /* Sources */,
				1A866DE6208669730066E763 /* Frameworks */,
				1A866DE7208669730066E763 /* CopyFiles */,
			);
			buildRules = (
			);
			dependencies = (
			);
			name = PokeyRenderEngine;
			productName = PokeyRenderEngine;
			productReference = 1A866DE9208669730066E763 /* PokeyRenderEngine */;
			productType = "com.apple.product-type.tool";
		};
/* End PBXNativeTarget section */

/* Begin PBXProject section */
		1A866DE1208669730066E763 /* Project object */ = {
			isa = PBXProject;
			attributes = {
				LastUpgradeCheck = 0930;
				ORGANIZATIONNAME = "Mateo Carreras";
				TargetAttributes = {
					1A866DE8208669730066E763 = {
						CreatedOnToolsVersion = 9.3;
					};
				};
			};
			buildConfigurationList = 1A866DE4208669730066E763 /* Build configuration list for PBXProject "PokeyRenderEngine" */;
			compatibilityVersion = "Xcode 9.3";
			developmentRegion = en;
			hasScannedForEncodings = 0;
			knownRegions = (
				en,
			);
			mainGroup = 1A866DE0208669730066E763;
			productRefGroup = 1A866DEA208669730066E763 /* Products */;
			projectDirPath = "";
			projectRoot = "";
			targets = (
				1A866DE8208669730066E763 /* PokeyRenderEngine */,
			);
		};
/* End PBXProject section */

/* Begin PBXSourcesBuildPhase section */
		1A866DE5208669730066E763 /* Sources */ = {
			isa = PBXSourcesBuildPhase;
			buildActionMask = 2147483647;
			files = (
				1AD5A74120A7911B0058EEB4 /* lights.c in Sources */,
				1A8AF60620D04BC200B0DF26 /* fileIO.c in Sources */,
				1A33A04520AF66D800816A02 /* geometryHelper.c in Sources */,
				1A866DFC2091006B0066E763 /* pkmathutil.c in Sources */,
				1A866DED208669730066E763 /* main.c in Sources */,
				1A866DF8208C1FA00066E763 /* vectors.c in Sources */,
				1A866DF420869CB00066E763 /* distance.c in Sources */,
				1AD5A73E20A34CA10058EEB4 /* animation.c in Sources */,
			);
			runOnlyForDeploymentPostprocessing = 0;
		};
/* End PBXSourcesBuildPhase section */

/* Begin XCBuildConfiguration section */
		1A866DEE208669730066E763 /* Debug */ = {
			isa = XCBuildConfiguration;
			buildSettings = {
				ALWAYS_SEARCH_USER_PATHS = NO;
				CLANG_ANALYZER_NONNULL = YES;
				CLANG_ANALYZER_NUMBER_OBJECT_CONVERSION = YES_AGGRESSIVE;
				CLANG_CXX_LANGUAGE_STANDARD = "gnu++14";
				CLANG_CXX_LIBRARY = "libc++";
				CLANG_ENABLE_MODULES = YES;
				CLANG_ENABLE_OBJC_ARC = YES;
				CLANG_ENABLE_OBJC_WEAK = YES;
				CLANG_WARN_BLOCK_CAPTURE_AUTORELEASING = YES;
				CLANG_WARN_BOOL_CONVERSION = YES;
				CLANG_WARN_COMMA = YES;
				CLANG_WARN_CONSTANT_CONVERSION = YES;
				CLANG_WARN_DEPRECATED_OBJC_IMPLEMENTATIONS = YES;
				CLANG_WARN_DIRECT_OBJC_ISA_USAGE = YES_ERROR;
				CLANG_WARN_DOCUMENTATION_COMMENTS = YES;
				CLANG_WARN_EMPTY_BODY = YES;
				CLANG_WARN_ENUM_CONVERSION = YES;
				CLANG_WARN_INFINITE_RECURSION = YES;
				CLANG_WARN_INT_CONVERSION = YES;
				CLANG_WARN_NON_LITERAL_NULL_CONVERSION = YES;
				CLANG_WARN_OBJC_IMPLICIT_RETAIN_SELF = YES;
				CLANG_WARN_OBJC_LITERAL_CONVERSION = YES;
				CLANG_WARN_OBJC_ROOT_CLASS = YES_ERROR;
				CLANG_WARN_RANGE_LOOP_ANALYSIS = YES;
				CLANG_WARN_STRICT_PROTOTYPES = YES;
				CLANG_WARN_SUSPICIOUS_MOVE = YES;
				CLANG_WARN_UNGUARDED_AVAILABILITY = YES_AGGRESSIVE;
				CLANG_WARN_UNREACHABLE_CODE = YES;
				CLANG_WARN__DUPLICATE_METHOD_MATCH = YES;
				CODE_SIGN_IDENTITY = "Mac Developer";
				COPY_PHASE_STRIP = NO;
				DEBUG_INFORMATION_FORMAT = dwarf;
				ENABLE_STRICT_OBJC_MSGSEND = YES;
				ENABLE_TESTABILITY = YES;
				GCC_C_LANGUAGE_STANDARD = gnu11;
				GCC_DYNAMIC_NO_PIC = NO;
				GCC_NO_COMMON_BLOCKS = YES;
				GCC_OPTIMIZATION_LEVEL = 0;
				GCC_PREPROCESSOR_DEFINITIONS = (
					"DEBUG=1",
					"$(inherited)",
				);
				GCC_WARN_64_TO_32_BIT_CONVERSION = YES;
				GCC_WARN_ABOUT_RETURN_TYPE = YES_ERROR;
				GCC_WARN_UNDECLARED_SELECTOR = YES;
				GCC_WARN_UNINITIALIZED_AUTOS = YES_AGGRESSIVE;
				GCC_WARN_UNUSED_FUNCTION = YES;
				GCC_WARN_UNUSED_VARIABLE = YES;
				MACOSX_DEPLOYMENT_TARGET = 10.13;
				MTL_ENABLE_DEBUG_INFO = YES;
				ONLY_ACTIVE_ARCH = YES;
				SDKROOT = macosx;
			};
			name = Debug;
		};
		1A866DEF208669730066E763 /* Release */ = {
			isa = XCBuildConfiguration;
			buildSettings = {
				ALWAYS_SEARCH_USER_PATHS = NO;
				CLANG_ANALYZER_NONNULL = YES;
				CLANG_ANALYZER_NUMBER_OBJECT_CONVERSION = YES_AGGRESSIVE;
				CLANG_CXX_LANGUAGE_STANDARD = "gnu++14";
				CLANG_CXX_LIBRARY = "libc++";
				CLANG_ENABLE_MODULES = YES;
				CLANG_ENABLE_OBJC_ARC = YES;
				CLANG_ENABLE_OBJC_WEAK = YES;
				CLANG_WARN_BLOCK_CAPTURE_AUTORELEASING = YES;
				CLANG_WARN_BOOL_CONVERSION = YES;
				CLANG_WARN_COMMA = YES;
				CLANG_WARN_CONSTANT_CONVERSION = YES;
				CLANG_WARN_DEPRECATED_OBJC_IMPLEMENTATIONS = YES;
				CLANG_WARN_DIRECT_OBJC_ISA_USAGE = YES_ERROR;
				CLANG_WARN_DOCUMENTATION_COMMENTS = YES;
				CLANG_WARN_EMPTY_BODY = YES;
				CLANG_WARN_ENUM_CONVERSION = YES;
				CLANG_WARN_INFINITE_RECURSION = YES;
				CLANG_WARN_INT_CONVERSION = YES;
				CLANG_WARN_NON_LITERAL_NULL_CONVERSION = YES;
				CLANG_WARN_OBJC_IMPLICIT_RETAIN_SELF = YES;
				CLANG_WARN_OBJC_LITERAL_CONVERSION = YES;
				CLANG_WARN_OBJC_ROOT_CLASS = YES_ERROR;
				CLANG_WARN_RANGE_LOOP_ANALYSIS = YES;
				CLANG_WARN_STRICT_PROTOTYPES = YES;
				CLANG_WARN_SUSPICIOUS_MOVE = YES;
				CLANG_WARN_UNGUARDED_AVAILABILITY = YES_AGGRESSIVE;
				CLANG_WARN_UNREACHABLE_CODE = YES;
				CLANG_WARN__DUPLICATE_METHOD_MATCH = YES;
				CODE_SIGN_IDENTITY = "Mac Developer";
				COPY_PHASE_STRIP = NO;
				DEBUG_INFORMATION_FORMAT = "dwarf-with-dsym";
				ENABLE_NS_ASSERTIONS = NO;
				ENABLE_STRICT_OBJC_MSGSEND = YES;
				GCC_C_LANGUAGE_STANDARD = gnu11;
				GCC_NO_COMMON_BLOCKS = YES;
				GCC_WARN_64_TO_32_BIT_CONVERSION = YES;
				GCC_WARN_ABOUT_RETURN_TYPE = YES_ERROR;
				GCC_WARN_UNDECLARED_SELECTOR = YES;
				GCC_WARN_UNINITIALIZED_AUTOS = YES_AGGRESSIVE;
				GCC_WARN_UNUSED_FUNCTION = YES;
				GCC_WARN_UNUSED_VARIABLE = YES;
				MACOSX_DEPLOYMENT_TARGET = 10.13;
				MTL_ENABLE_DEBUG_INFO = NO;
				SDKROOT = macosx;
			};
			name = Release;
		};
		1A866DF1208669730066E763 /* Debug */ = {
			isa = XCBuildConfiguration;
			buildSettings = {
				CODE_SIGN_STYLE = Automatic;
				DEVELOPMENT_TEAM = 6UZ6XLATA7;
				PRODUCT_NAME = "$(TARGET_NAME)";
			};
			name = Debug;
		};
		1A866DF2208669730066E763 /* Release */ = {
			isa = XCBuildConfiguration;
			buildSettings = {
				CODE_SIGN_STYLE = Automatic;
				DEVELOPMENT_TEAM = 6UZ6XLATA7;
				PRODUCT_NAME = "$(TARGET_NAME)";
			};
			name = Release;
		};
/* End XCBuildConfiguration section */

/* Begin XCConfigurationList section */
		1A866DE4208669730066E763 /* Build configuration list for PBXProject "PokeyRenderEngine" */ = {
			isa = XCConfigurationList;
			buildConfigurations = (
				1A866DEE208669730066E763 /* Debug */,
				1A866DEF208669730066E763 /* Release */,
			);
			defaultConfigurationIsVisible = 0;
			defaultConfigurationName = Release;
		};
		1A866DF0208669730066E763 /* Build configuration list for PBXNativeTarget "PokeyRenderEngine" */ = {
			isa = XCConfigurationList;
			buildConfigurations = (
				1A866DF1208669730066E763 /* Debug */,
				1A866DF2208669730066E763 /* Release */,
			);
			defaultConfigurationIsVisible = 0;
			defaultConfigurationName = Release;
		};
/* End XCConfigurationList section */
	};
	rootObject = 1A866DE1208669730066E763 /* Project object */;
}
